// !$*UTF8*$!
{
	archiveVersion = 1;
	classes = {
	};
	objectVersion = 46;
	objects = {

/* Begin PBXBuildFile section */
		82CDC8591CC01C7700FE5C96 /* AppDelegate.swift in Sources */ = {isa = PBXBuildFile; fileRef = 82CDC8581CC01C7700FE5C96 /* AppDelegate.swift */; };
		82CDC85B1CC01C7700FE5C96 /* ViewController.swift in Sources */ = {isa = PBXBuildFile; fileRef = 82CDC85A1CC01C7700FE5C96 /* ViewController.swift */; };
		82CDC85E1CC01C7700FE5C96 /* Main.storyboard in Resources */ = {isa = PBXBuildFile; fileRef = 82CDC85C1CC01C7700FE5C96 /* Main.storyboard */; };
		82CDC8601CC01C7700FE5C96 /* Assets.xcassets in Resources */ = {isa = PBXBuildFile; fileRef = 82CDC85F1CC01C7700FE5C96 /* Assets.xcassets */; };
		82CDC8631CC01C7700FE5C96 /* LaunchScreen.storyboard in Resources */ = {isa = PBXBuildFile; fileRef = 82CDC8611CC01C7700FE5C96 /* LaunchScreen.storyboard */; };
		82CDC86E1CC01C7700FE5C96 /* BoomRoastedTests.swift in Sources */ = {isa = PBXBuildFile; fileRef = 82CDC86D1CC01C7700FE5C96 /* BoomRoastedTests.swift */; };
		82CDC8791CC01C7700FE5C96 /* BoomRoastedUITests.swift in Sources */ = {isa = PBXBuildFile; fileRef = 82CDC8781CC01C7700FE5C96 /* BoomRoastedUITests.swift */; };
		82D26E171CC028B4000A0BE1 /* roasted1.mp3 in Resources */ = {isa = PBXBuildFile; fileRef = 82D26E161CC028B4000A0BE1 /* roasted1.mp3 */; };
/* End PBXBuildFile section */

/* Begin PBXContainerItemProxy section */
		82CDC86A1CC01C7700FE5C96 /* PBXContainerItemProxy */ = {
			isa = PBXContainerItemProxy;
			containerPortal = 82CDC84D1CC01C7600FE5C96 /* Project object */;
			proxyType = 1;
			remoteGlobalIDString = 82CDC8541CC01C7600FE5C96;
			remoteInfo = BoomRoasted;
		};
		82CDC8751CC01C7700FE5C96 /* PBXContainerItemProxy */ = {
			isa = PBXContainerItemProxy;
			containerPortal = 82CDC84D1CC01C7600FE5C96 /* Project object */;
			proxyType = 1;
			remoteGlobalIDString = 82CDC8541CC01C7600FE5C96;
			remoteInfo = BoomRoasted;
		};
/* End PBXContainerItemProxy section */

/* Begin PBXFileReference section */
		82CDC8551CC01C7700FE5C96 /* BoomRoasted.app */ = {isa = PBXFileReference; explicitFileType = wrapper.application; includeInIndex = 0; path = BoomRoasted.app; sourceTree = BUILT_PRODUCTS_DIR; };
		82CDC8581CC01C7700FE5C96 /* AppDelegate.swift */ = {isa = PBXFileReference; lastKnownFileType = sourcecode.swift; path = AppDelegate.swift; sourceTree = "<group>"; };
		82CDC85A1CC01C7700FE5C96 /* ViewController.swift */ = {isa = PBXFileReference; lastKnownFileType = sourcecode.swift; path = ViewController.swift; sourceTree = "<group>"; };
		82CDC85D1CC01C7700FE5C96 /* Base */ = {isa = PBXFileReference; lastKnownFileType = file.storyboard; name = Base; path = Base.lproj/Main.storyboard; sourceTree = "<group>"; };
		82CDC85F1CC01C7700FE5C96 /* Assets.xcassets */ = {isa = PBXFileReference; lastKnownFileType = folder.assetcatalog; path = Assets.xcassets; sourceTree = "<group>"; };
		82CDC8621CC01C7700FE5C96 /* Base */ = {isa = PBXFileReference; lastKnownFileType = file.storyboard; name = Base; path = Base.lproj/LaunchScreen.storyboard; sourceTree = "<group>"; };
		82CDC8641CC01C7700FE5C96 /* Info.plist */ = {isa = PBXFileReference; lastKnownFileType = text.plist.xml; path = Info.plist; sourceTree = "<group>"; };
		82CDC8691CC01C7700FE5C96 /* BoomRoastedTests.xctest */ = {isa = PBXFileReference; explicitFileType = wrapper.cfbundle; includeInIndex = 0; path = BoomRoastedTests.xctest; sourceTree = BUILT_PRODUCTS_DIR; };
		82CDC86D1CC01C7700FE5C96 /* BoomRoastedTests.swift */ = {isa = PBXFileReference; lastKnownFileType = sourcecode.swift; path = BoomRoastedTests.swift; sourceTree = "<group>"; };
		82CDC86F1CC01C7700FE5C96 /* Info.plist */ = {isa = PBXFileReference; lastKnownFileType = text.plist.xml; path = Info.plist; sourceTree = "<group>"; };
		82CDC8741CC01C7700FE5C96 /* BoomRoastedUITests.xctest */ = {isa = PBXFileReference; explicitFileType = wrapper.cfbundle; includeInIndex = 0; path = BoomRoastedUITests.xctest; sourceTree = BUILT_PRODUCTS_DIR; };
		82CDC8781CC01C7700FE5C96 /* BoomRoastedUITests.swift */ = {isa = PBXFileReference; lastKnownFileType = sourcecode.swift; path = BoomRoastedUITests.swift; sourceTree = "<group>"; };
		82CDC87A1CC01C7700FE5C96 /* Info.plist */ = {isa = PBXFileReference; lastKnownFileType = text.plist.xml; path = Info.plist; sourceTree = "<group>"; };
		82D26E161CC028B4000A0BE1 /* roasted1.mp3 */ = {isa = PBXFileReference; lastKnownFileType = audio.mp3; path = roasted1.mp3; sourceTree = "<group>"; };
/* End PBXFileReference section */

/* Begin PBXFrameworksBuildPhase section */
		82CDC8521CC01C7600FE5C96 /* Frameworks */ = {
			isa = PBXFrameworksBuildPhase;
			buildActionMask = 2147483647;
			files = (
			);
			runOnlyForDeploymentPostprocessing = 0;
		};
		82CDC8661CC01C7700FE5C96 /* Frameworks */ = {
			isa = PBXFrameworksBuildPhase;
			buildActionMask = 2147483647;
			files = (
			);
			runOnlyForDeploymentPostprocessing = 0;
		};
		82CDC8711CC01C7700FE5C96 /* Frameworks */ = {
			isa = PBXFrameworksBuildPhase;
			buildActionMask = 2147483647;
			files = (
			);
			runOnlyForDeploymentPostprocessing = 0;
		};
/* End PBXFrameworksBuildPhase section */

/* Begin PBXGroup section */
		82CDC84C1CC01C7600FE5C96 = {
			isa = PBXGroup;
			children = (
				82CDC8571CC01C7700FE5C96 /* BoomRoasted */,
				82CDC86C1CC01C7700FE5C96 /* BoomRoastedTests */,
				82CDC8771CC01C7700FE5C96 /* BoomRoastedUITests */,
				82CDC8561CC01C7700FE5C96 /* Products */,
			);
			sourceTree = "<group>";
		};
		82CDC8561CC01C7700FE5C96 /* Products */ = {
			isa = PBXGroup;
			children = (
				82CDC8551CC01C7700FE5C96 /* BoomRoasted.app */,
				82CDC8691CC01C7700FE5C96 /* BoomRoastedTests.xctest */,
				82CDC8741CC01C7700FE5C96 /* BoomRoastedUITests.xctest */,
			);
			name = Products;
			sourceTree = "<group>";
		};
		82CDC8571CC01C7700FE5C96 /* BoomRoasted */ = {
			isa = PBXGroup;
			children = (
				82CDC8581CC01C7700FE5C96 /* AppDelegate.swift */,
				82CDC85A1CC01C7700FE5C96 /* ViewController.swift */,
				82CDC85C1CC01C7700FE5C96 /* Main.storyboard */,
				82CDC85F1CC01C7700FE5C96 /* Assets.xcassets */,
				82CDC8611CC01C7700FE5C96 /* LaunchScreen.storyboard */,
				82CDC8641CC01C7700FE5C96 /* Info.plist */,
				82D26E161CC028B4000A0BE1 /* roasted1.mp3 */,
			);
			path = BoomRoasted;
			sourceTree = "<group>";
		};
		82CDC86C1CC01C7700FE5C96 /* BoomRoastedTests */ = {
			isa = PBXGroup;
			children = (
				82CDC86D1CC01C7700FE5C96 /* BoomRoastedTests.swift */,
				82CDC86F1CC01C7700FE5C96 /* Info.plist */,
			);
			path = BoomRoastedTests;
			sourceTree = "<group>";
		};
		82CDC8771CC01C7700FE5C96 /* BoomRoastedUITests */ = {
			isa = PBXGroup;
			children = (
				82CDC8781CC01C7700FE5C96 /* BoomRoastedUITests.swift */,
				82CDC87A1CC01C7700FE5C96 /* Info.plist */,
			);
			path = BoomRoastedUITests;
			sourceTree = "<group>";
		};
/* End PBXGroup section */

/* Begin PBXNativeTarget section */
		82CDC8541CC01C7600FE5C96 /* BoomRoasted */ = {
			isa = PBXNativeTarget;
			buildConfigurationList = 82CDC87D1CC01C7700FE5C96 /* Build configuration list for PBXNativeTarget "BoomRoasted" */;
			buildPhases = (
				82CDC8511CC01C7600FE5C96 /* Sources */,
				82CDC8521CC01C7600FE5C96 /* Frameworks */,
				82CDC8531CC01C7600FE5C96 /* Resources */,
			);
			buildRules = (
			);
			dependencies = (
			);
			name = BoomRoasted;
			productName = BoomRoasted;
			productReference = 82CDC8551CC01C7700FE5C96 /* BoomRoasted.app */;
			productType = "com.apple.product-type.application";
		};
		82CDC8681CC01C7700FE5C96 /* BoomRoastedTests */ = {
			isa = PBXNativeTarget;
			buildConfigurationList = 82CDC8801CC01C7700FE5C96 /* Build configuration list for PBXNativeTarget "BoomRoastedTests" */;
			buildPhases = (
				82CDC8651CC01C7700FE5C96 /* Sources */,
				82CDC8661CC01C7700FE5C96 /* Frameworks */,
				82CDC8671CC01C7700FE5C96 /* Resources */,
			);
			buildRules = (
			);
			dependencies = (
				82CDC86B1CC01C7700FE5C96 /* PBXTargetDependency */,
			);
			name = BoomRoastedTests;
			productName = BoomRoastedTests;
			productReference = 82CDC8691CC01C7700FE5C96 /* BoomRoastedTests.xctest */;
			productType = "com.apple.product-type.bundle.unit-test";
		};
		82CDC8731CC01C7700FE5C96 /* BoomRoastedUITests */ = {
			isa = PBXNativeTarget;
			buildConfigurationList = 82CDC8831CC01C7700FE5C96 /* Build configuration list for PBXNativeTarget "BoomRoastedUITests" */;
			buildPhases = (
				82CDC8701CC01C7700FE5C96 /* Sources */,
				82CDC8711CC01C7700FE5C96 /* Frameworks */,
				82CDC8721CC01C7700FE5C96 /* Resources */,
			);
			buildRules = (
			);
			dependencies = (
				82CDC8761CC01C7700FE5C96 /* PBXTargetDependency */,
			);
			name = BoomRoastedUITests;
			productName = BoomRoastedUITests;
			productReference = 82CDC8741CC01C7700FE5C96 /* BoomRoastedUITests.xctest */;
			productType = "com.apple.product-type.bundle.ui-testing";
		};
/* End PBXNativeTarget section */

/* Begin PBXProject section */
		82CDC84D1CC01C7600FE5C96 /* Project object */ = {
			isa = PBXProject;
			attributes = {
				LastSwiftUpdateCheck = 0730;
				LastUpgradeCheck = 0730;
				ORGANIZATIONNAME = "Will Burford";
				TargetAttributes = {
					82CDC8541CC01C7600FE5C96 = {
						CreatedOnToolsVersion = 7.3;
					};
					82CDC8681CC01C7700FE5C96 = {
						CreatedOnToolsVersion = 7.3;
						TestTargetID = 82CDC8541CC01C7600FE5C96;
					};
					82CDC8731CC01C7700FE5C96 = {
						CreatedOnToolsVersion = 7.3;
						TestTargetID = 82CDC8541CC01C7600FE5C96;
					};
				};
			};
			buildConfigurationList = 82CDC8501CC01C7600FE5C96 /* Build configuration list for PBXProject "BoomRoasted" */;
			compatibilityVersion = "Xcode 3.2";
			developmentRegion = English;
			hasScannedForEncodings = 0;
			knownRegions = (
				en,
				Base,
			);
			mainGroup = 82CDC84C1CC01C7600FE5C96;
			productRefGroup = 82CDC8561CC01C7700FE5C96 /* Products */;
			projectDirPath = "";
			projectRoot = "";
			targets = (
				82CDC8541CC01C7600FE5C96 /* BoomRoasted */,
				82CDC8681CC01C7700FE5C96 /* BoomRoastedTests */,
				82CDC8731CC01C7700FE5C96 /* BoomRoastedUITests */,
			);
		};
/* End PBXProject section */

/* Begin PBXResourcesBuildPhase section */
		82CDC8531CC01C7600FE5C96 /* Resources */ = {
			isa = PBXResourcesBuildPhase;
			buildActionMask = 2147483647;
			files = (
				82CDC8631CC01C7700FE5C96 /* LaunchScreen.storyboard in Resources */,
				82D26E171CC028B4000A0BE1 /* roasted1.mp3 in Resources */,
				82CDC8601CC01C7700FE5C96 /* Assets.xcassets in Resources */,
				82CDC85E1CC01C7700FE5C96 /* Main.storyboard in Resources */,
			);
			runOnlyForDeploymentPostprocessing = 0;
		};
		82CDC8671CC01C7700FE5C96 /* Resources */ = {
			isa = PBXResourcesBuildPhase;
			buildActionMask = 2147483647;
			files = (
			);
			runOnlyForDeploymentPostprocessing = 0;
		};
		82CDC8721CC01C7700FE5C96 /* Resources */ = {
			isa = PBXResourcesBuildPhase;
			buildActionMask = 2147483647;
			files = (
			);
			runOnlyForDeploymentPostprocessing = 0;
		};
/* End PBXResourcesBuildPhase section */

/* Begin PBXSourcesBuildPhase section */
		82CDC8511CC01C7600FE5C96 /* Sources */ = {
			isa = PBXSourcesBuildPhase;
			buildActionMask = 2147483647;
			files = (
				82CDC85B1CC01C7700FE5C96 /* ViewController.swift in Sources */,
				82CDC8591CC01C7700FE5C96 /* AppDelegate.swift in Sources */,
			);
			runOnlyForDeploymentPostprocessing = 0;
		};
		82CDC8651CC01C7700FE5C96 /* Sources */ = {
			isa = PBXSourcesBuildPhase;
			buildActionMask = 2147483647;
			files = (
				82CDC86E1CC01C7700FE5C96 /* BoomRoastedTests.swift in Sources */,
			);
			runOnlyForDeploymentPostprocessing = 0;
		};
		82CDC8701CC01C7700FE5C96 /* Sources */ = {
			isa = PBXSourcesBuildPhase;
			buildActionMask = 2147483647;
			files = (
				82CDC8791CC01C7700FE5C96 /* BoomRoastedUITests.swift in Sources */,
			);
			runOnlyForDeploymentPostprocessing = 0;
		};
/* End PBXSourcesBuildPhase section */

/* Begin PBXTargetDependency section */
		82CDC86B1CC01C7700FE5C96 /* PBXTargetDependency */ = {
			isa = PBXTargetDependency;
			target = 82CDC8541CC01C7600FE5C96 /* BoomRoasted */;
			targetProxy = 82CDC86A1CC01C7700FE5C96 /* PBXContainerItemProxy */;
		};
		82CDC8761CC01C7700FE5C96 /* PBXTargetDependency */ = {
			isa = PBXTargetDependency;
			target = 82CDC8541CC01C7600FE5C96 /* BoomRoasted */;
			targetProxy = 82CDC8751CC01C7700FE5C96 /* PBXContainerItemProxy */;
		};
/* End PBXTargetDependency section */

/* Begin PBXVariantGroup section */
		82CDC85C1CC01C7700FE5C96 /* Main.storyboard */ = {
			isa = PBXVariantGroup;
			children = (
				82CDC85D1CC01C7700FE5C96 /* Base */,
			);
			name = Main.storyboard;
			sourceTree = "<group>";
		};
		82CDC8611CC01C7700FE5C96 /* LaunchScreen.storyboard */ = {
			isa = PBXVariantGroup;
			children = (
				82CDC8621CC01C7700FE5C96 /* Base */,
			);
			name = LaunchScreen.storyboard;
			sourceTree = "<group>";
		};
/* End PBXVariantGroup section */

/* Begin XCBuildConfiguration section */
		82CDC87B1CC01C7700FE5C96 /* Debug */ = {
			isa = XCBuildConfiguration;
			buildSettings = {
				ALWAYS_SEARCH_USER_PATHS = NO;
				CLANG_ANALYZER_NONNULL = YES;
				CLANG_CXX_LANGUAGE_STANDARD = "gnu++0x";
				CLANG_CXX_LIBRARY = "libc++";
				CLANG_ENABLE_MODULES = YES;
				CLANG_ENABLE_OBJC_ARC = YES;
				CLANG_WARN_BOOL_CONVERSION = YES;
				CLANG_WARN_CONSTANT_CONVERSION = YES;
				CLANG_WARN_DIRECT_OBJC_ISA_USAGE = YES_ERROR;
				CLANG_WARN_EMPTY_BODY = YES;
				CLANG_WARN_ENUM_CONVERSION = YES;
				CLANG_WARN_INT_CONVERSION = YES;
				CLANG_WARN_OBJC_ROOT_CLASS = YES_ERROR;
				CLANG_WARN_UNREACHABLE_CODE = YES;
				CLANG_WARN__DUPLICATE_METHOD_MATCH = YES;
				"CODE_SIGN_IDENTITY[sdk=iphoneos*]" = "iPhone Developer";
				COPY_PHASE_STRIP = NO;
				DEBUG_INFORMATION_FORMAT = dwarf;
				ENABLE_STRICT_OBJC_MSGSEND = YES;
				ENABLE_TESTABILITY = YES;
				GCC_C_LANGUAGE_STANDARD = gnu99;
				GCC_DYNAMIC_NO_PIC = NO;
				GCC_NO_COMMON_BLOCKS = YES;
				GCC_OPTIMIZATION_LEVEL = 0;
				GCC_PREPROCESSOR_DEFINITIONS = (
					"DEBUG=1",
					"$(inherited)",
				);
				GCC_WARN_64_TO_32_BIT_CONVERSION = YES;
				GCC_WARN_ABOUT_RETURN_TYPE = YES_ERROR;
				GCC_WARN_UNDECLARED_SELECTOR = YES;
				GCC_WARN_UNINITIALIZED_AUTOS = YES_AGGRESSIVE;
				GCC_WARN_UNUSED_FUNCTION = YES;
				GCC_WARN_UNUSED_VARIABLE = YES;
				IPHONEOS_DEPLOYMENT_TARGET = 9.3;
				MTL_ENABLE_DEBUG_INFO = YES;
				ONLY_ACTIVE_ARCH = YES;
				SDKROOT = iphoneos;
				SWIFT_OPTIMIZATION_LEVEL = "-Onone";
				TARGETED_DEVICE_FAMILY = "1,2";
			};
			name = Debug;
		};
		82CDC87C1CC01C7700FE5C96 /* Release */ = {
			isa = XCBuildConfiguration;
			buildSettings = {
				ALWAYS_SEARCH_USER_PATHS = NO;
				CLANG_ANALYZER_NONNULL = YES;
				CLANG_CXX_LANGUAGE_STANDARD = "gnu++0x";
				CLANG_CXX_LIBRARY = "libc++";
				CLANG_ENABLE_MODULES = YES;
				CLANG_ENABLE_OBJC_ARC = YES;
				CLANG_WARN_BOOL_CONVERSION = YES;
				CLANG_WARN_CONSTANT_CONVERSION = YES;
				CLANG_WARN_DIRECT_OBJC_ISA_USAGE = YES_ERROR;
				CLANG_WARN_EMPTY_BODY = YES;
				CLANG_WARN_ENUM_CONVERSION = YES;
				CLANG_WARN_INT_CONVERSION = YES;
				CLANG_WARN_OBJC_ROOT_CLASS = YES_ERROR;
				CLANG_WARN_UNREACHABLE_CODE = YES;
				CLANG_WARN__DUPLICATE_METHOD_MATCH = YES;
				"CODE_SIGN_IDENTITY[sdk=iphoneos*]" = "iPhone Developer";
				COPY_PHASE_STRIP = NO;
				DEBUG_INFORMATION_FORMAT = "dwarf-with-dsym";
				ENABLE_NS_ASSERTIONS = NO;
				ENABLE_STRICT_OBJC_MSGSEND = YES;
				GCC_C_LANGUAGE_STANDARD = gnu99;
				GCC_NO_COMMON_BLOCKS = YES;
				GCC_WARN_64_TO_32_BIT_CONVERSION = YES;
				GCC_WARN_ABOUT_RETURN_TYPE = YES_ERROR;
				GCC_WARN_UNDECLARED_SELECTOR = YES;
				GCC_WARN_UNINITIALIZED_AUTOS = YES_AGGRESSIVE;
				GCC_WARN_UNUSED_FUNCTION = YES;
				GCC_WARN_UNUSED_VARIABLE = YES;
				IPHONEOS_DEPLOYMENT_TARGET = 9.3;
				MTL_ENABLE_DEBUG_INFO = NO;
				SDKROOT = iphoneos;
				TARGETED_DEVICE_FAMILY = "1,2";
				VALIDATE_PRODUCT = YES;
			};
			name = Release;
		};
		82CDC87E1CC01C7700FE5C96 /* Debug */ = {
			isa = XCBuildConfiguration;
			buildSettings = {
				ASSETCATALOG_COMPILER_APPICON_NAME = AppIcon;
				INFOPLIST_FILE = BoomRoasted/Info.plist;
				LD_RUNPATH_SEARCH_PATHS = "$(inherited) @executable_path/Frameworks";
				PRODUCT_BUNDLE_IDENTIFIER = com.willburforddev.boomroasted;
				PRODUCT_NAME = "$(TARGET_NAME)";
			};
			name = Debug;
		};
		82CDC87F1CC01C7700FE5C96 /* Release */ = {
			isa = XCBuildConfiguration;
			buildSettings = {
				ASSETCATALOG_COMPILER_APPICON_NAME = AppIcon;
				INFOPLIST_FILE = BoomRoasted/Info.plist;
				LD_RUNPATH_SEARCH_PATHS = "$(inherited) @executable_path/Frameworks";
				PRODUCT_BUNDLE_IDENTIFIER = com.willburforddev.boomroasted;
				PRODUCT_NAME = "$(TARGET_NAME)";
			};
			name = Release;
		};
		82CDC8811CC01C7700FE5C96 /* Debug */ = {
			isa = XCBuildConfiguration;
			buildSettings = {
				BUNDLE_LOADER = "$(TEST_HOST)";
				INFOPLIST_FILE = BoomRoastedTests/Info.plist;
				LD_RUNPATH_SEARCH_PATHS = "$(inherited) @executable_path/Frameworks @loader_path/Frameworks";
				PRODUCT_BUNDLE_IDENTIFIER = org.wburford.BoomRoastedTests;
				PRODUCT_NAME = "$(TARGET_NAME)";
				TEST_HOST = "$(BUILT_PRODUCTS_DIR)/BoomRoasted.app/BoomRoasted";
			};
			name = Debug;
		};
		82CDC8821CC01C7700FE5C96 /* Release */ = {
			isa = XCBuildConfiguration;
			buildSettings = {
				BUNDLE_LOADER = "$(TEST_HOST)";
				INFOPLIST_FILE = BoomRoastedTests/Info.plist;
				LD_RUNPATH_SEARCH_PATHS = "$(inherited) @executable_path/Frameworks @loader_path/Frameworks";
				PRODUCT_BUNDLE_IDENTIFIER = org.wburford.BoomRoastedTests;
				PRODUCT_NAME = "$(TARGET_NAME)";
				TEST_HOST = "$(BUILT_PRODUCTS_DIR)/BoomRoasted.app/BoomRoasted";
			};
			name = Release;
		};
		82CDC8841CC01C7700FE5C96 /* Debug */ = {
			isa = XCBuildConfiguration;
			buildSettings = {
				INFOPLIST_FILE = BoomRoastedUITests/Info.plist;
				LD_RUNPATH_SEARCH_PATHS = "$(inherited) @executable_path/Frameworks @loader_path/Frameworks";
				PRODUCT_BUNDLE_IDENTIFIER = org.wburford.BoomRoastedUITests;
				PRODUCT_NAME = "$(TARGET_NAME)";
				TEST_TARGET_NAME = BoomRoasted;
			};
			name = Debug;
		};
		82CDC8851CC01C7700FE5C96 /* Release */ = {
			isa = XCBuildConfiguration;
			buildSettings = {
				INFOPLIST_FILE = BoomRoastedUITests/Info.plist;
				LD_RUNPATH_SEARCH_PATHS = "$(inherited) @executable_path/Frameworks @loader_path/Frameworks";
				PRODUCT_BUNDLE_IDENTIFIER = org.wburford.BoomRoastedUITests;
				PRODUCT_NAME = "$(TARGET_NAME)";
				TEST_TARGET_NAME = BoomRoasted;
			};
			name = Release;
		};
/* End XCBuildConfiguration section */

/* Begin XCConfigurationList section */
		82CDC8501CC01C7600FE5C96 /* Build configuration list for PBXProject "BoomRoasted" */ = {
			isa = XCConfigurationList;
			buildConfigurations = (
				82CDC87B1CC01C7700FE5C96 /* Debug */,
				82CDC87C1CC01C7700FE5C96 /* Release */,
			);
			defaultConfigurationIsVisible = 0;
			defaultConfigurationName = Release;
		};
		82CDC87D1CC01C7700FE5C96 /* Build configuration list for PBXNativeTarget "BoomRoasted" */ = {
			isa = XCConfigurationList;
			buildConfigurations = (
				82CDC87E1CC01C7700FE5C96 /* Debug */,
				82CDC87F1CC01C7700FE5C96 /* Release */,
			);
			defaultConfigurationIsVisible = 0;
			defaultConfigurationName = Release;
		};
		82CDC8801CC01C7700FE5C96 /* Build configuration list for PBXNativeTarget "BoomRoastedTests" */ = {
			isa = XCConfigurationList;
			buildConfigurations = (
				82CDC8811CC01C7700FE5C96 /* Debug */,
				82CDC8821CC01C7700FE5C96 /* Release */,
			);
			defaultConfigurationIsVisible = 0;
			defaultConfigurationName = Release;
		};
		82CDC8831CC01C7700FE5C96 /* Build configuration list for PBXNativeTarget "BoomRoastedUITests" */ = {
			isa = XCConfigurationList;
			buildConfigurations = (
				82CDC8841CC01C7700FE5C96 /* Debug */,
				82CDC8851CC01C7700FE5C96 /* Release */,
			);
			defaultConfigurationIsVisible = 0;
			defaultConfigurationName = Release;
		};
/* End XCConfigurationList section */
	};
	rootObject = 82CDC84D1CC01C7600FE5C96 /* Project object */;
}
